
Microsoft Visual Studio Solution File, Format Version 12.00
# Visual Studio Version 17
VisualStudioVersion = 17.9.34616.47
MinimumVisualStudioVersion = 10.0.40219.1
Project("{FAE04EC0-301F-11D3-BF4B-00C04F79EFBC}") = "TPMOD3", "TPMOD3\TPMOD3.csproj", "{B13D0950-C6B4-4EE6-A97E-1A2EC3664A6B}"
EndProject
Global
	GlobalSection(SolutionConfigurationPlatforms) = preSolution
		Debug|Any CPU = Debug|Any CPU
		Release|Any CPU = Release|Any CPU
	EndGlobalSection
	GlobalSection(ProjectConfigurationPlatforms) = postSolution
		{B13D0950-C6B4-4EE6-A97E-1A2EC3664A6B}.Debug|Any CPU.ActiveCfg = Debug|Any CPU
		{B13D0950-C6B4-4EE6-A97E-1A2EC3664A6B}.Debug|Any CPU.Build.0 = Debug|Any CPU
		{B13D0950-C6B4-4EE6-A97E-1A2EC3664A6B}.Release|Any CPU.ActiveCfg = Release|Any CPU
		{B13D0950-C6B4-4EE6-A97E-1A2EC3664A6B}.Release|Any CPU.Build.0 = Release|Any CPU
	EndGlobalSection
	GlobalSection(SolutionProperties) = preSolution
		HideSolutionNode = FALSE
	EndGlobalSection
	GlobalSection(ExtensibilityGlobals) = postSolution
		SolutionGuid = {8EEA6A7C-52FF-48E1-9523-46E41871ED81}
	EndGlobalSection
EndGlobal
